
Microsoft Visual Studio Solution File, Format Version 12.00
# Visual Studio Version 16
VisualStudioVersion = 16.0.30011.22
MinimumVisualStudioVersion = 10.0.40219.1
Project("{9A19103F-16F7-4668-BE54-9A1E7A4F7556}") = "Projet_CSharp", "Projet_CSharp.csproj", "{029B6F2F-6A57-48E2-87BB-5EFCC755CCCE}"
EndProject
Project("{9A19103F-16F7-4668-BE54-9A1E7A4F7556}") = "Modele", "..\Modele\Modele.csproj", "{C1FE52D3-542F-47BF-BA1C-9BC673F3A240}"
EndProject
Project("{9A19103F-16F7-4668-BE54-9A1E7A4F7556}") = "Stub", "..\Stub\Stub.csproj", "{9DD955C4-374C-4C90-990D-533AB155C680}"
EndProject
Project("{54435603-DBB4-11D2-8724-00A0C9A8B90C}") = "SetupApplication", "..\SetupApplication\SetupApplication.vdproj", "{46691B85-E50F-4C4B-93C0-17998D123333}"
EndProject
Project("{2150E333-8FDC-42A3-9474-1A3956D46DE8}") = "Test", "Test", "{016BCA03-9C0A-454F-A0A2-AA176D7720F2}"
EndProject
Project("{9A19103F-16F7-4668-BE54-9A1E7A4F7556}") = "Test_Héros", "..\Test_Héros\Test_Héros.csproj", "{B9E898FA-E2A5-4A99-9548-0C4329E3609B}"
EndProject
Project("{FAE04EC0-301F-11D3-BF4B-00C04F79EFBC}") = "Test_Skin", "..\Test_Skin\Test_Skin.csproj", "{BDC55076-ABE8-4B61-85E8-A9197A559CAF}"
EndProject
Project("{FAE04EC0-301F-11D3-BF4B-00C04F79EFBC}") = "Test_Emote", "..\Test_Emote\Test_Emote.csproj", "{AE4AB92D-95E8-43C4-B50C-0632501E70E4}"
EndProject
Project("{FAE04EC0-301F-11D3-BF4B-00C04F79EFBC}") = "Test_Réplique", "..\Test_Réplique\Test_Réplique.csproj", "{B0C7E334-3247-4DB4-BEA7-D59599CAA2D3}"
EndProject
Project("{FAE04EC0-301F-11D3-BF4B-00C04F79EFBC}") = "Test_Tag", "..\Test_Tag\Test_Tag.csproj", "{3E638536-0434-49A8-8177-1ABA9986802D}"
EndProject
Project("{FAE04EC0-301F-11D3-BF4B-00C04F79EFBC}") = "Test_Compétence", "..\Test_Compétence\Test_Compétence.csproj", "{F9966A5C-72BE-44E4-AF66-32218BF847AE}"
EndProject
Project("{FAE04EC0-301F-11D3-BF4B-00C04F79EFBC}") = "Test_Histoire", "..\Test_Histoire\Test_Histoire.csproj", "{47F01C3D-8D61-49B2-9452-6F16240FC39E}"
EndProject
Project("{FAE04EC0-301F-11D3-BF4B-00C04F79EFBC}") = "Test_Compétitif", "..\Test_Compétitif\Test_Compétitif.csproj", "{EE9B28D5-373B-4642-93E4-C4C75DB65349}"
EndProject
Global
	GlobalSection(SolutionConfigurationPlatforms) = preSolution
		Debug|Any CPU = Debug|Any CPU
		Release|Any CPU = Release|Any CPU
	EndGlobalSection
	GlobalSection(ProjectConfigurationPlatforms) = postSolution
		{029B6F2F-6A57-48E2-87BB-5EFCC755CCCE}.Debug|Any CPU.ActiveCfg = Debug|Any CPU
		{029B6F2F-6A57-48E2-87BB-5EFCC755CCCE}.Debug|Any CPU.Build.0 = Debug|Any CPU
		{029B6F2F-6A57-48E2-87BB-5EFCC755CCCE}.Release|Any CPU.ActiveCfg = Release|Any CPU
		{029B6F2F-6A57-48E2-87BB-5EFCC755CCCE}.Release|Any CPU.Build.0 = Release|Any CPU
		{C1FE52D3-542F-47BF-BA1C-9BC673F3A240}.Debug|Any CPU.ActiveCfg = Debug|Any CPU
		{C1FE52D3-542F-47BF-BA1C-9BC673F3A240}.Debug|Any CPU.Build.0 = Debug|Any CPU
		{C1FE52D3-542F-47BF-BA1C-9BC673F3A240}.Release|Any CPU.ActiveCfg = Release|Any CPU
		{C1FE52D3-542F-47BF-BA1C-9BC673F3A240}.Release|Any CPU.Build.0 = Release|Any CPU
		{9DD955C4-374C-4C90-990D-533AB155C680}.Debug|Any CPU.ActiveCfg = Debug|Any CPU
		{9DD955C4-374C-4C90-990D-533AB155C680}.Debug|Any CPU.Build.0 = Debug|Any CPU
		{9DD955C4-374C-4C90-990D-533AB155C680}.Release|Any CPU.ActiveCfg = Release|Any CPU
		{9DD955C4-374C-4C90-990D-533AB155C680}.Release|Any CPU.Build.0 = Release|Any CPU
		{46691B85-E50F-4C4B-93C0-17998D123333}.Debug|Any CPU.ActiveCfg = Debug
		{46691B85-E50F-4C4B-93C0-17998D123333}.Release|Any CPU.ActiveCfg = Release
		{B9E898FA-E2A5-4A99-9548-0C4329E3609B}.Debug|Any CPU.ActiveCfg = Debug|Any CPU
		{B9E898FA-E2A5-4A99-9548-0C4329E3609B}.Debug|Any CPU.Build.0 = Debug|Any CPU
		{B9E898FA-E2A5-4A99-9548-0C4329E3609B}.Release|Any CPU.ActiveCfg = Release|Any CPU
		{B9E898FA-E2A5-4A99-9548-0C4329E3609B}.Release|Any CPU.Build.0 = Release|Any CPU
		{BDC55076-ABE8-4B61-85E8-A9197A559CAF}.Debug|Any CPU.ActiveCfg = Debug|Any CPU
		{BDC55076-ABE8-4B61-85E8-A9197A559CAF}.Debug|Any CPU.Build.0 = Debug|Any CPU
		{BDC55076-ABE8-4B61-85E8-A9197A559CAF}.Release|Any CPU.ActiveCfg = Release|Any CPU
		{BDC55076-ABE8-4B61-85E8-A9197A559CAF}.Release|Any CPU.Build.0 = Release|Any CPU
		{AE4AB92D-95E8-43C4-B50C-0632501E70E4}.Debug|Any CPU.ActiveCfg = Debug|Any CPU
		{AE4AB92D-95E8-43C4-B50C-0632501E70E4}.Debug|Any CPU.Build.0 = Debug|Any CPU
		{AE4AB92D-95E8-43C4-B50C-0632501E70E4}.Release|Any CPU.ActiveCfg = Release|Any CPU
		{AE4AB92D-95E8-43C4-B50C-0632501E70E4}.Release|Any CPU.Build.0 = Release|Any CPU
		{B0C7E334-3247-4DB4-BEA7-D59599CAA2D3}.Debug|Any CPU.ActiveCfg = Debug|Any CPU
		{B0C7E334-3247-4DB4-BEA7-D59599CAA2D3}.Debug|Any CPU.Build.0 = Debug|Any CPU
		{B0C7E334-3247-4DB4-BEA7-D59599CAA2D3}.Release|Any CPU.ActiveCfg = Release|Any CPU
		{B0C7E334-3247-4DB4-BEA7-D59599CAA2D3}.Release|Any CPU.Build.0 = Release|Any CPU
		{3E638536-0434-49A8-8177-1ABA9986802D}.Debug|Any CPU.ActiveCfg = Debug|Any CPU
		{3E638536-0434-49A8-8177-1ABA9986802D}.Debug|Any CPU.Build.0 = Debug|Any CPU
		{3E638536-0434-49A8-8177-1ABA9986802D}.Release|Any CPU.ActiveCfg = Release|Any CPU
		{3E638536-0434-49A8-8177-1ABA9986802D}.Release|Any CPU.Build.0 = Release|Any CPU
		{F9966A5C-72BE-44E4-AF66-32218BF847AE}.Debug|Any CPU.ActiveCfg = Debug|Any CPU
		{F9966A5C-72BE-44E4-AF66-32218BF847AE}.Debug|Any CPU.Build.0 = Debug|Any CPU
		{F9966A5C-72BE-44E4-AF66-32218BF847AE}.Release|Any CPU.ActiveCfg = Release|Any CPU
		{F9966A5C-72BE-44E4-AF66-32218BF847AE}.Release|Any CPU.Build.0 = Release|Any CPU
		{47F01C3D-8D61-49B2-9452-6F16240FC39E}.Debug|Any CPU.ActiveCfg = Debug|Any CPU
		{47F01C3D-8D61-49B2-9452-6F16240FC39E}.Debug|Any CPU.Build.0 = Debug|Any CPU
		{47F01C3D-8D61-49B2-9452-6F16240FC39E}.Release|Any CPU.ActiveCfg = Release|Any CPU
		{47F01C3D-8D61-49B2-9452-6F16240FC39E}.Release|Any CPU.Build.0 = Release|Any CPU
		{EE9B28D5-373B-4642-93E4-C4C75DB65349}.Debug|Any CPU.ActiveCfg = Debug|Any CPU
		{EE9B28D5-373B-4642-93E4-C4C75DB65349}.Debug|Any CPU.Build.0 = Debug|Any CPU
		{EE9B28D5-373B-4642-93E4-C4C75DB65349}.Release|Any CPU.ActiveCfg = Release|Any CPU
		{EE9B28D5-373B-4642-93E4-C4C75DB65349}.Release|Any CPU.Build.0 = Release|Any CPU
	EndGlobalSection
	GlobalSection(SolutionProperties) = preSolution
		HideSolutionNode = FALSE
	EndGlobalSection
	GlobalSection(NestedProjects) = preSolution
		{B9E898FA-E2A5-4A99-9548-0C4329E3609B} = {016BCA03-9C0A-454F-A0A2-AA176D7720F2}
		{BDC55076-ABE8-4B61-85E8-A9197A559CAF} = {016BCA03-9C0A-454F-A0A2-AA176D7720F2}
		{AE4AB92D-95E8-43C4-B50C-0632501E70E4} = {016BCA03-9C0A-454F-A0A2-AA176D7720F2}
		{B0C7E334-3247-4DB4-BEA7-D59599CAA2D3} = {016BCA03-9C0A-454F-A0A2-AA176D7720F2}
		{3E638536-0434-49A8-8177-1ABA9986802D} = {016BCA03-9C0A-454F-A0A2-AA176D7720F2}
		{F9966A5C-72BE-44E4-AF66-32218BF847AE} = {016BCA03-9C0A-454F-A0A2-AA176D7720F2}
		{47F01C3D-8D61-49B2-9452-6F16240FC39E} = {016BCA03-9C0A-454F-A0A2-AA176D7720F2}
		{EE9B28D5-373B-4642-93E4-C4C75DB65349} = {016BCA03-9C0A-454F-A0A2-AA176D7720F2}
	EndGlobalSection
	GlobalSection(ExtensibilityGlobals) = postSolution
		SolutionGuid = {73948AE9-7014-463B-87D1-31FD78204AF0}
	EndGlobalSection
EndGlobal
